
Microsoft Visual Studio Solution File, Format Version 12.00
# Visual Studio 2017
Project("{FAE04EC0-301F-11D3-BF4B-00C04F79EFBC}") = "AR_Zoo", "AR_Zoo.csproj", "{CC0D9A63-CE11-7BCF-E85F-EE58C33DB204}"
EndProject
Project("{FAE04EC0-301F-11D3-BF4B-00C04F79EFBC}") = "AR_Zoo.Editor", "AR_Zoo.Editor.csproj", "{4D571367-2340-20D7-E994-84DD9541680D}"
EndProject
Global
	GlobalSection(SolutionConfigurationPlatforms) = preSolution
		Debug|Any CPU = Debug|Any CPU
		Release|Any CPU = Release|Any CPU
	EndGlobalSection
	GlobalSection(ProjectConfigurationPlatforms) = postSolution
		{CC0D9A63-CE11-7BCF-E85F-EE58C33DB204}.Debug|Any CPU.ActiveCfg = Debug|Any CPU
		{CC0D9A63-CE11-7BCF-E85F-EE58C33DB204}.Debug|Any CPU.Build.0 = Debug|Any CPU
		{CC0D9A63-CE11-7BCF-E85F-EE58C33DB204}.Release|Any CPU.ActiveCfg = Release|Any CPU
		{CC0D9A63-CE11-7BCF-E85F-EE58C33DB204}.Release|Any CPU.Build.0 = Release|Any CPU
		{4D571367-2340-20D7-E994-84DD9541680D}.Debug|Any CPU.ActiveCfg = Debug|Any CPU
		{4D571367-2340-20D7-E994-84DD9541680D}.Debug|Any CPU.Build.0 = Debug|Any CPU
		{4D571367-2340-20D7-E994-84DD9541680D}.Release|Any CPU.ActiveCfg = Release|Any CPU
		{4D571367-2340-20D7-E994-84DD9541680D}.Release|Any CPU.Build.0 = Release|Any CPU
	EndGlobalSection
	GlobalSection(SolutionProperties) = preSolution
		HideSolutionNode = FALSE
	EndGlobalSection
EndGlobal
