
Microsoft Visual Studio Solution File, Format Version 12.00
# Visual Studio 2017
Project("{FAE04EC0-301F-11D3-BF4B-00C04F79EFBC}") = "Ar_Zoo-master", "Ar_Zoo-master.csproj", "{23ABFE98-38E9-C531-6323-E00178AD3A13}"
EndProject
Project("{FAE04EC0-301F-11D3-BF4B-00C04F79EFBC}") = "Ar_Zoo-master.Editor", "Ar_Zoo-master.Editor.csproj", "{77B6C374-85AF-E1DD-787D-8D587918A72C}"
EndProject
Global
	GlobalSection(SolutionConfigurationPlatforms) = preSolution
		Debug|Any CPU = Debug|Any CPU
		Release|Any CPU = Release|Any CPU
	EndGlobalSection
	GlobalSection(ProjectConfigurationPlatforms) = postSolution
		{23ABFE98-38E9-C531-6323-E00178AD3A13}.Debug|Any CPU.ActiveCfg = Debug|Any CPU
		{23ABFE98-38E9-C531-6323-E00178AD3A13}.Debug|Any CPU.Build.0 = Debug|Any CPU
		{23ABFE98-38E9-C531-6323-E00178AD3A13}.Release|Any CPU.ActiveCfg = Release|Any CPU
		{23ABFE98-38E9-C531-6323-E00178AD3A13}.Release|Any CPU.Build.0 = Release|Any CPU
		{77B6C374-85AF-E1DD-787D-8D587918A72C}.Debug|Any CPU.ActiveCfg = Debug|Any CPU
		{77B6C374-85AF-E1DD-787D-8D587918A72C}.Debug|Any CPU.Build.0 = Debug|Any CPU
		{77B6C374-85AF-E1DD-787D-8D587918A72C}.Release|Any CPU.ActiveCfg = Release|Any CPU
		{77B6C374-85AF-E1DD-787D-8D587918A72C}.Release|Any CPU.Build.0 = Release|Any CPU
	EndGlobalSection
	GlobalSection(SolutionProperties) = preSolution
		HideSolutionNode = FALSE
	EndGlobalSection
EndGlobal
